
Microsoft Visual Studio Solution File, Format Version 10.00
# Visual C# Express 2008
Project("{FAE04EC0-301F-11D3-BF4B-00C04F79EFBC}") = "Torque2D", "TheScarabGauntlet\Torque2D\Torque2D.csproj", "{4852C77A-21A2-47AE-9652-DFC50612E333}"
EndProject
Project("{FAE04EC0-301F-11D3-BF4B-00C04F79EFBC}") = "TorqueCore", "TheScarabGauntlet\TorqueCore\TorqueCore.csproj", "{16C05B9E-85E3-487E-9401-AC062E9F627E}"
EndProject
Project("{FAE04EC0-301F-11D3-BF4B-00C04F79EFBC}") = "Game", "TheScarabGauntlet\Game\Game.csproj", "{252563EA-C374-4968-AE76-EC3C888D0514}"
EndProject
Project("{FAE04EC0-301F-11D3-BF4B-00C04F79EFBC}") = "PlatformerFramework", "TheScarabGauntlet\PlatformerFramework\PlatformerFramework.csproj", "{BEA1A23A-2521-4DBB-9DBA-E21CBEC3DD27}"
EndProject
Global
	GlobalSection(SolutionConfigurationPlatforms) = preSolution
		Debug|x86 = Debug|x86
		Debug|Xbox 360 = Debug|Xbox 360
		GGBinaryRelease|x86 = GGBinaryRelease|x86
		GGBinaryRelease|Xbox 360 = GGBinaryRelease|Xbox 360
		Release|x86 = Release|x86
		Release|Xbox 360 = Release|Xbox 360
	EndGlobalSection
	GlobalSection(ProjectConfigurationPlatforms) = postSolution
		{4852C77A-21A2-47AE-9652-DFC50612E333}.Debug|x86.ActiveCfg = Debug|x86
		{4852C77A-21A2-47AE-9652-DFC50612E333}.Debug|x86.Build.0 = Debug|x86
		{4852C77A-21A2-47AE-9652-DFC50612E333}.Debug|Xbox 360.ActiveCfg = Debug|x86
		{4852C77A-21A2-47AE-9652-DFC50612E333}.GGBinaryRelease|x86.ActiveCfg = GGBinaryRelease|x86
		{4852C77A-21A2-47AE-9652-DFC50612E333}.GGBinaryRelease|x86.Build.0 = GGBinaryRelease|x86
		{4852C77A-21A2-47AE-9652-DFC50612E333}.GGBinaryRelease|Xbox 360.ActiveCfg = GGBinaryRelease|x86
		{4852C77A-21A2-47AE-9652-DFC50612E333}.Release|x86.ActiveCfg = Release|x86
		{4852C77A-21A2-47AE-9652-DFC50612E333}.Release|x86.Build.0 = Release|x86
		{4852C77A-21A2-47AE-9652-DFC50612E333}.Release|Xbox 360.ActiveCfg = Release|x86
		{16C05B9E-85E3-487E-9401-AC062E9F627E}.Debug|x86.ActiveCfg = Debug|x86
		{16C05B9E-85E3-487E-9401-AC062E9F627E}.Debug|x86.Build.0 = Debug|x86
		{16C05B9E-85E3-487E-9401-AC062E9F627E}.Debug|Xbox 360.ActiveCfg = Debug|x86
		{16C05B9E-85E3-487E-9401-AC062E9F627E}.GGBinaryRelease|x86.ActiveCfg = GGBinaryRelease|x86
		{16C05B9E-85E3-487E-9401-AC062E9F627E}.GGBinaryRelease|x86.Build.0 = GGBinaryRelease|x86
		{16C05B9E-85E3-487E-9401-AC062E9F627E}.GGBinaryRelease|Xbox 360.ActiveCfg = GGBinaryRelease|x86
		{16C05B9E-85E3-487E-9401-AC062E9F627E}.Release|x86.ActiveCfg = Release|x86
		{16C05B9E-85E3-487E-9401-AC062E9F627E}.Release|x86.Build.0 = Release|x86
		{16C05B9E-85E3-487E-9401-AC062E9F627E}.Release|Xbox 360.ActiveCfg = Release|x86
		{252563EA-C374-4968-AE76-EC3C888D0514}.Debug|x86.ActiveCfg = Debug|x86
		{252563EA-C374-4968-AE76-EC3C888D0514}.Debug|x86.Build.0 = Debug|x86
		{252563EA-C374-4968-AE76-EC3C888D0514}.Debug|Xbox 360.ActiveCfg = Debug|x86
		{252563EA-C374-4968-AE76-EC3C888D0514}.GGBinaryRelease|x86.ActiveCfg = Release|x86
		{252563EA-C374-4968-AE76-EC3C888D0514}.GGBinaryRelease|x86.Build.0 = Release|x86
		{252563EA-C374-4968-AE76-EC3C888D0514}.GGBinaryRelease|Xbox 360.ActiveCfg = Release|x86
		{252563EA-C374-4968-AE76-EC3C888D0514}.Release|x86.ActiveCfg = Release|x86
		{252563EA-C374-4968-AE76-EC3C888D0514}.Release|x86.Build.0 = Release|x86
		{252563EA-C374-4968-AE76-EC3C888D0514}.Release|Xbox 360.ActiveCfg = Release|x86
		{BEA1A23A-2521-4DBB-9DBA-E21CBEC3DD27}.Debug|x86.ActiveCfg = Debug|x86
		{BEA1A23A-2521-4DBB-9DBA-E21CBEC3DD27}.Debug|x86.Build.0 = Debug|x86
		{BEA1A23A-2521-4DBB-9DBA-E21CBEC3DD27}.Debug|Xbox 360.ActiveCfg = Debug|x86
		{BEA1A23A-2521-4DBB-9DBA-E21CBEC3DD27}.GGBinaryRelease|x86.ActiveCfg = GGBinaryRelease|x86
		{BEA1A23A-2521-4DBB-9DBA-E21CBEC3DD27}.GGBinaryRelease|x86.Build.0 = GGBinaryRelease|x86
		{BEA1A23A-2521-4DBB-9DBA-E21CBEC3DD27}.GGBinaryRelease|Xbox 360.ActiveCfg = GGBinaryRelease|x86
		{BEA1A23A-2521-4DBB-9DBA-E21CBEC3DD27}.Release|x86.ActiveCfg = Release|x86
		{BEA1A23A-2521-4DBB-9DBA-E21CBEC3DD27}.Release|x86.Build.0 = Release|x86
		{BEA1A23A-2521-4DBB-9DBA-E21CBEC3DD27}.Release|Xbox 360.ActiveCfg = Release|x86
		{9DFF5D66-27EF-4DC1-891F-4A46372D451D}.Debug|x86.ActiveCfg = Debug|x86
		{9DFF5D66-27EF-4DC1-891F-4A46372D451D}.Debug|Xbox 360.ActiveCfg = Debug|Xbox 360
		{9DFF5D66-27EF-4DC1-891F-4A46372D451D}.GGBinaryRelease|x86.ActiveCfg = GGBinaryRelease|x86
		{9DFF5D66-27EF-4DC1-891F-4A46372D451D}.GGBinaryRelease|Xbox 360.ActiveCfg = GGBinaryRelease|Xbox 360
		{9DFF5D66-27EF-4DC1-891F-4A46372D451D}.Release|x86.ActiveCfg = Release|x86
		{9DFF5D66-27EF-4DC1-891F-4A46372D451D}.Release|Xbox 360.ActiveCfg = Release|Xbox 360
		{C36C3668-8647-496B-A141-F4B751B73C11}.Debug|x86.ActiveCfg = Debug|x86
		{C36C3668-8647-496B-A141-F4B751B73C11}.Debug|Xbox 360.ActiveCfg = Debug|Xbox 360
		{C36C3668-8647-496B-A141-F4B751B73C11}.GGBinaryRelease|x86.ActiveCfg = GGBinaryRelease|x86
		{C36C3668-8647-496B-A141-F4B751B73C11}.GGBinaryRelease|Xbox 360.ActiveCfg = GGBinaryRelease|Xbox 360
		{C36C3668-8647-496B-A141-F4B751B73C11}.Release|x86.ActiveCfg = Release|x86
		{C36C3668-8647-496B-A141-F4B751B73C11}.Release|Xbox 360.ActiveCfg = Release|Xbox 360
		{E724E5F2-BE1D-481F-946D-371F82AA1F15}.Debug|x86.ActiveCfg = Debug|x86
		{E724E5F2-BE1D-481F-946D-371F82AA1F15}.Debug|Xbox 360.ActiveCfg = Debug|Xbox 360
		{E724E5F2-BE1D-481F-946D-371F82AA1F15}.GGBinaryRelease|x86.ActiveCfg = GGBinaryRelease|x86
		{E724E5F2-BE1D-481F-946D-371F82AA1F15}.GGBinaryRelease|Xbox 360.ActiveCfg = GGBinaryRelease|Xbox 360
		{E724E5F2-BE1D-481F-946D-371F82AA1F15}.Release|x86.ActiveCfg = Release|x86
		{E724E5F2-BE1D-481F-946D-371F82AA1F15}.Release|Xbox 360.ActiveCfg = Release|Xbox 360
	EndGlobalSection
	GlobalSection(SolutionProperties) = preSolution
		HideSolutionNode = FALSE
	EndGlobalSection
EndGlobal
